
Microsoft Visual Studio Solution File, Format Version 12.00
# Visual Studio Version 16
VisualStudioVersion = 16.0.30717.126
MinimumVisualStudioVersion = 10.0.40219.1
Project("{9A19103F-16F7-4668-BE54-9A1E7A4F7556}") = "web", "web.csproj", "{95F1C0B2-6C6C-4E48-900C-C3AF99EAAEE5}"
EndProject
Global
	GlobalSection(SolutionConfigurationPlatforms) = preSolution
		Debug|Any CPU = Debug|Any CPU
		Release|Any CPU = Release|Any CPU
	EndGlobalSection
	GlobalSection(ProjectConfigurationPlatforms) = postSolution
		{95F1C0B2-6C6C-4E48-900C-C3AF99EAAEE5}.Debug|Any CPU.ActiveCfg = Debug|Any CPU
		{95F1C0B2-6C6C-4E48-900C-C3AF99EAAEE5}.Debug|Any CPU.Build.0 = Debug|Any CPU
		{95F1C0B2-6C6C-4E48-900C-C3AF99EAAEE5}.Release|Any CPU.ActiveCfg = Release|Any CPU
		{95F1C0B2-6C6C-4E48-900C-C3AF99EAAEE5}.Release|Any CPU.Build.0 = Release|Any CPU
	EndGlobalSection
	GlobalSection(SolutionProperties) = preSolution
		HideSolutionNode = FALSE
	EndGlobalSection
	GlobalSection(ExtensibilityGlobals) = postSolution
		SolutionGuid = {09232E83-BDC6-4857-91EC-3BEC4C1A5076}
	EndGlobalSection
EndGlobal
